
Microsoft Visual Studio Solution File, Format Version 12.00
# Visual Studio Version 17
VisualStudioVersion = 17.5.002.0
MinimumVisualStudioVersion = 10.0.40219.1
Project("{9A19103F-16F7-4668-BE54-9A1E7A4F7556}") = "Example008", "Example008\Example008.csproj", "{71C8BC55-B218-4F9B-94B0-2F727DF52E2C}"
EndProject
Global
	GlobalSection(SolutionConfigurationPlatforms) = preSolution
		Debug|Any CPU = Debug|Any CPU
		Release|Any CPU = Release|Any CPU
	EndGlobalSection
	GlobalSection(ProjectConfigurationPlatforms) = postSolution
		{71C8BC55-B218-4F9B-94B0-2F727DF52E2C}.Debug|Any CPU.ActiveCfg = Debug|Any CPU
		{71C8BC55-B218-4F9B-94B0-2F727DF52E2C}.Debug|Any CPU.Build.0 = Debug|Any CPU
		{71C8BC55-B218-4F9B-94B0-2F727DF52E2C}.Release|Any CPU.ActiveCfg = Release|Any CPU
		{71C8BC55-B218-4F9B-94B0-2F727DF52E2C}.Release|Any CPU.Build.0 = Release|Any CPU
	EndGlobalSection
	GlobalSection(SolutionProperties) = preSolution
		HideSolutionNode = FALSE
	EndGlobalSection
	GlobalSection(ExtensibilityGlobals) = postSolution
		SolutionGuid = {CA8E469F-D871-436E-A1F8-4BB806669B7E}
	EndGlobalSection
EndGlobal
